# THIS IS AN AUTOGENERATED FILE. DO NOT EDIT THIS FILE DIRECTLY.
# yarn lockfile v1


clsx@^1.1.1:
  version "1.2.1"
  resolved "https://registry.npmjs.org/clsx/-/clsx-1.2.1.tgz"
  integrity sha512-EcR6r5a8bj6pu3ycsa/E/cKVGuTgZJZdsyUYHOksG/UHIiKfjxzRxYJpyVBwYaQeOvghal9fcc4PidlgzugAQg==

react-toastify@^9.0.8:
  version "9.0.8"
  resolved "https://registry.yarnpkg.com/react-toastify/-/react-toastify-9.0.8.tgz#3876c89fc6211a29027b3075010b5ec39ebe4f7e"
  integrity sha512-EwM+teWt49HSHx+67qI08yLAW1zAsBxCXLCsUfxHYv1W7/R3ZLhrqKalh7j+kjgPna1h5LQMSMwns4tB4ww2yQ==
  dependencies:
    clsx "^1.1.1"
